
Microsoft Visual Studio Solution File, Format Version 12.00
# Visual Studio Version 17
VisualStudioVersion = 17.2.32602.215
MinimumVisualStudioVersion = 10.0.40219.1
Project("{888888A0-9F3D-457C-B088-3A5042F75D52}") = "RecipeFlask", "RecipeFlask\RecipeFlask.pyproj", "{D9D713F6-F636-4AE9-88F3-9DDB1755A427}"
EndProject
Global
	GlobalSection(SolutionConfigurationPlatforms) = preSolution
		Debug|Any CPU = Debug|Any CPU
		Release|Any CPU = Release|Any CPU
	EndGlobalSection
	GlobalSection(ProjectConfigurationPlatforms) = postSolution
		{D9D713F6-F636-4AE9-88F3-9DDB1755A427}.Debug|Any CPU.ActiveCfg = Debug|Any CPU
		{D9D713F6-F636-4AE9-88F3-9DDB1755A427}.Debug|Any CPU.Build.0 = Debug|Any CPU
		{D9D713F6-F636-4AE9-88F3-9DDB1755A427}.Release|Any CPU.ActiveCfg = Release|Any CPU
		{D9D713F6-F636-4AE9-88F3-9DDB1755A427}.Release|Any CPU.Build.0 = Release|Any CPU
	EndGlobalSection
	GlobalSection(SolutionProperties) = preSolution
		HideSolutionNode = FALSE
	EndGlobalSection
	GlobalSection(ExtensibilityGlobals) = postSolution
		SolutionGuid = {73F8D480-3046-42E8-A825-623193A3CF49}
	EndGlobalSection
EndGlobal
